<?xml version="1.0" encoding="utf-8"?>
<Project ToolsVersion="4.0" xmlns="http://schemas.microsoft.com/developer/msbuild/2003">
  <ItemGroup>
    <ClCompile Include="CAboutDlg.cpp">
      <Filter>Source Files</Filter>
    </ClCompile>
    <ClCompile Include="CChildFrame.cpp">
      <Filter>Source Files</Filter>
    </ClCompile>
    <ClCompile Include="CMainFrame.cpp">
      <Filter>Source Files</Filter>
    </ClCompile>
    <ClCompile Include="MDIAppView.cpp">
      <Filter>Source Files</Filter>
    </ClCompile>
    <ClCompile Include="MDIAppViewDoc.cpp">
      <Filter>Source Files</Filter>
    </ClCompile>
    <ClCompile Include="MDIAppViewView.cpp">
      <Filter>Source Files</Filter>
    </ClCompile>
    <ClCompile Include="StdAfx.cpp">
      <Filter>Source Files</Filter>
    </ClCompile>
    <ClCompile Include="CDialogAbout.cpp">
      <Filter>ModalDialogs</Filter>
    </ClCompile>
    <ClCompile Include="CLoginDialog.cpp">
      <Filter>ModalDialogs</Filter>
    </ClCompile>
    <ClCompile Include="CBaseLoginDialog.cpp">
      <Filter>ModalDialogs</Filter>
    </ClCompile>
    <ClCompile Include="ClientWnd.cpp">
      <Filter>Source Files</Filter>
    </ClCompile>
    <ClCompile Include="Subclass.cpp">
      <Filter>Source Files\CapTitle</Filter>
    </ClCompile>
    <ClCompile Include="PaintCap.cpp">
      <Filter>Source Files\CapTitle</Filter>
    </ClCompile>
  </ItemGroup>
  <ItemGroup>
    <ClInclude Include="CAboutDlg.h">
      <Filter>Header Files</Filter>
    </ClInclude>
    <ClInclude Include="CChildFrame.h">
      <Filter>Header Files</Filter>
    </ClInclude>
    <ClInclude Include="CMainFrame.h">
      <Filter>Header Files</Filter>
    </ClInclude>
    <ClInclude Include="MDIAppView.h">
      <Filter>Header Files</Filter>
    </ClInclude>
    <ClInclude Include="MDIAppViewDoc.h">
      <Filter>Header Files</Filter>
    </ClInclude>
    <ClInclude Include="MDIAppViewView.h">
      <Filter>Header Files</Filter>
    </ClInclude>
    <ClInclude Include="Resource.h">
      <Filter>Header Files</Filter>
    </ClInclude>
    <ClInclude Include="StdAfx.h">
      <Filter>Header Files</Filter>
    </ClInclude>
    <ClInclude Include="CDialogAbout.h">
      <Filter>ModalDialogs</Filter>
    </ClInclude>
    <ClInclude Include="CLoginDialog.h">
      <Filter>ModalDialogs</Filter>
    </ClInclude>
    <ClInclude Include="CBaseDialog.h">
      <Filter>ModalDialogs</Filter>
    </ClInclude>
    <ClInclude Include="ClientWnd.h">
      <Filter>Header Files</Filter>
    </ClInclude>
    <ClInclude Include="Subclass.h">
      <Filter>Header Files\CapTitle</Filter>
    </ClInclude>
    <ClInclude Include="PaintCap.h">
      <Filter>Header Files\CapTitle</Filter>
    </ClInclude>
  </ItemGroup>
  <ItemGroup>
    <Image Include="res\MDIAppView.ico">
      <Filter>Resource</Filter>
    </Image>
    <Image Include="res\MDIAppViewDoc.ico">
      <Filter>Resource</Filter>
    </Image>
    <Image Include="res\Toolbar.bmp">
      <Filter>Resource</Filter>
    </Image>
    <Image Include="..\images\screen.png" />
  </ItemGroup>
  <ItemGroup>
    <Filter Include="ModalDialogs">
      <UniqueIdentifier>{11062aae-5dd9-491c-b037-2b141670a5da}</UniqueIdentifier>
    </Filter>
    <Filter Include="Resource">
      <UniqueIdentifier>{e3c250bd-a25d-4bc3-8607-ac75099347a8}</UniqueIdentifier>
    </Filter>
    <Filter Include="Source Files">
      <UniqueIdentifier>{36bf8b73-d5f5-44ca-a759-dfd35124ccad}</UniqueIdentifier>
    </Filter>
    <Filter Include="Header Files">
      <UniqueIdentifier>{7407d18d-9aec-49e7-b297-22a4d30ae360}</UniqueIdentifier>
    </Filter>
    <Filter Include="Source Files\CapTitle">
      <UniqueIdentifier>{8a15e295-cde2-4c1c-a3a8-0b597588fa88}</UniqueIdentifier>
    </Filter>
    <Filter Include="Header Files\CapTitle">
      <UniqueIdentifier>{a5eda128-09b2-4547-9d5b-8aa16f267323}</UniqueIdentifier>
    </Filter>
  </ItemGroup>
  <ItemGroup>
    <ResourceCompile Include="MDIAppView.rc">
      <Filter>Resource</Filter>
    </ResourceCompile>
  </ItemGroup>
  <ItemGroup>
    <CustomBuild Include="res\MDIAppView.rc2">
      <Filter>Resource</Filter>
    </CustomBuild>
  </ItemGroup>
  <ItemGroup>
    <None Include="..\README.md" />
  </ItemGroup>
</Project>